
Microsoft Visual Studio Solution File, Format Version 12.00
# Visual Studio Version 17
VisualStudioVersion = 17.13.35919.96 d17.13
MinimumVisualStudioVersion = 10.0.40219.1
Project("{FAE04EC0-301F-11D3-BF4B-00C04F79EFBC}") = "LAB1.1", "LAB1.1.csproj", "{43E27BA7-79F3-46E5-9315-F3DA9707ED40}"
EndProject
Global
	GlobalSection(SolutionConfigurationPlatforms) = preSolution
		Debug|Any CPU = Debug|Any CPU
		Release|Any CPU = Release|Any CPU
	EndGlobalSection
	GlobalSection(ProjectConfigurationPlatforms) = postSolution
		{43E27BA7-79F3-46E5-9315-F3DA9707ED40}.Debug|Any CPU.ActiveCfg = Debug|Any CPU
		{43E27BA7-79F3-46E5-9315-F3DA9707ED40}.Debug|Any CPU.Build.0 = Debug|Any CPU
		{43E27BA7-79F3-46E5-9315-F3DA9707ED40}.Release|Any CPU.ActiveCfg = Release|Any CPU
		{43E27BA7-79F3-46E5-9315-F3DA9707ED40}.Release|Any CPU.Build.0 = Release|Any CPU
	EndGlobalSection
	GlobalSection(SolutionProperties) = preSolution
		HideSolutionNode = FALSE
	EndGlobalSection
	GlobalSection(ExtensibilityGlobals) = postSolution
		SolutionGuid = {6FAE55E5-3BD6-46E4-9B15-64B9B5B0D821}
	EndGlobalSection
EndGlobal
